
Microsoft Visual Studio Solution File, Format Version 12.00
# Visual Studio Version 17
VisualStudioVersion = 17.11.35208.52
MinimumVisualStudioVersion = 10.0.40219.1
Project("{FAE04EC0-301F-11D3-BF4B-00C04F79EFBC}") = "Sever", "BaiTapNhom\Sever.csproj", "{21DDAF52-4CD7-4946-B296-B0E5389E21DC}"
EndProject
Project("{FAE04EC0-301F-11D3-BF4B-00C04F79EFBC}") = "Client", "Client\Client.csproj", "{B9BC24AA-5CEA-4F98-9154-C192EFEDA50D}"
EndProject
Global
	GlobalSection(SolutionConfigurationPlatforms) = preSolution
		Debug|Any CPU = Debug|Any CPU
		Release|Any CPU = Release|Any CPU
	EndGlobalSection
	GlobalSection(ProjectConfigurationPlatforms) = postSolution
		{21DDAF52-4CD7-4946-B296-B0E5389E21DC}.Debug|Any CPU.ActiveCfg = Debug|Any CPU
		{21DDAF52-4CD7-4946-B296-B0E5389E21DC}.Debug|Any CPU.Build.0 = Debug|Any CPU
		{21DDAF52-4CD7-4946-B296-B0E5389E21DC}.Release|Any CPU.ActiveCfg = Release|Any CPU
		{21DDAF52-4CD7-4946-B296-B0E5389E21DC}.Release|Any CPU.Build.0 = Release|Any CPU
		{B9BC24AA-5CEA-4F98-9154-C192EFEDA50D}.Debug|Any CPU.ActiveCfg = Debug|Any CPU
		{B9BC24AA-5CEA-4F98-9154-C192EFEDA50D}.Debug|Any CPU.Build.0 = Debug|Any CPU
		{B9BC24AA-5CEA-4F98-9154-C192EFEDA50D}.Release|Any CPU.ActiveCfg = Release|Any CPU
		{B9BC24AA-5CEA-4F98-9154-C192EFEDA50D}.Release|Any CPU.Build.0 = Release|Any CPU
	EndGlobalSection
	GlobalSection(SolutionProperties) = preSolution
		HideSolutionNode = FALSE
	EndGlobalSection
	GlobalSection(ExtensibilityGlobals) = postSolution
		SolutionGuid = {6378BE9E-FF08-4920-BD06-A49CAF1E8A19}
	EndGlobalSection
EndGlobal
